
Microsoft Visual Studio Solution File, Format Version 12.00
# Visual Studio 2013
VisualStudioVersion = 12.0.30501.0
MinimumVisualStudioVersion = 10.0.40219.1
Project("{FAE04EC0-301F-11D3-BF4B-00C04F79EFBC}") = "LoginScreenChanger", "LoginScreenChanger\LoginScreenChanger.csproj", "{47BDBFF9-02D8-47B0-929E-41C32378CA19}"
EndProject
Project("{FAE04EC0-301F-11D3-BF4B-00C04F79EFBC}") = "LoginScreenChangerTray", "LoginScreenChangerTray\LoginScreenChangerTray.csproj", "{C932E789-48AE-4949-8358-B9C5C69CCD26}"
EndProject
Project("{6141683F-8A12-4E36-9623-2EB02B2C2303}") = "LoginChangerSetup", "LoginChangerSetup\LoginChangerSetup.isproj", "{1A28F06B-458F-407E-85D7-659B9E2BB872}"
	ProjectSection(ProjectDependencies) = postProject
		{CFD95000-3479-41FE-B0BB-FBBA1B75ECF3} = {CFD95000-3479-41FE-B0BB-FBBA1B75ECF3}
		{C932E789-48AE-4949-8358-B9C5C69CCD26} = {C932E789-48AE-4949-8358-B9C5C69CCD26}
		{47BDBFF9-02D8-47B0-929E-41C32378CA19} = {47BDBFF9-02D8-47B0-929E-41C32378CA19}
	EndProjectSection
EndProject
Project("{FAE04EC0-301F-11D3-BF4B-00C04F79EFBC}") = "LoginScreenLibrary", "LoginScreenLibrary\LoginScreenLibrary.csproj", "{CFD95000-3479-41FE-B0BB-FBBA1B75ECF3}"
EndProject
Global
	GlobalSection(SolutionConfigurationPlatforms) = preSolution
		CD_ROM|Any CPU = CD_ROM|Any CPU
		CD_ROM|Mixed Platforms = CD_ROM|Mixed Platforms
		CD_ROM|x86 = CD_ROM|x86
		Debug|Any CPU = Debug|Any CPU
		Debug|Mixed Platforms = Debug|Mixed Platforms
		Debug|x86 = Debug|x86
		DVD-5|Any CPU = DVD-5|Any CPU
		DVD-5|Mixed Platforms = DVD-5|Mixed Platforms
		DVD-5|x86 = DVD-5|x86
		Release|Any CPU = Release|Any CPU
		Release|Mixed Platforms = Release|Mixed Platforms
		Release|x86 = Release|x86
		SingleImage|Any CPU = SingleImage|Any CPU
		SingleImage|Mixed Platforms = SingleImage|Mixed Platforms
		SingleImage|x86 = SingleImage|x86
	EndGlobalSection
	GlobalSection(ProjectConfigurationPlatforms) = postSolution
		{47BDBFF9-02D8-47B0-929E-41C32378CA19}.CD_ROM|Any CPU.ActiveCfg = Release|x86
		{47BDBFF9-02D8-47B0-929E-41C32378CA19}.CD_ROM|Mixed Platforms.ActiveCfg = Release|x86
		{47BDBFF9-02D8-47B0-929E-41C32378CA19}.CD_ROM|Mixed Platforms.Build.0 = Release|x86
		{47BDBFF9-02D8-47B0-929E-41C32378CA19}.CD_ROM|x86.ActiveCfg = Release|x86
		{47BDBFF9-02D8-47B0-929E-41C32378CA19}.CD_ROM|x86.Build.0 = Release|x86
		{47BDBFF9-02D8-47B0-929E-41C32378CA19}.Debug|Any CPU.ActiveCfg = Debug|x86
		{47BDBFF9-02D8-47B0-929E-41C32378CA19}.Debug|Mixed Platforms.ActiveCfg = Debug|x86
		{47BDBFF9-02D8-47B0-929E-41C32378CA19}.Debug|Mixed Platforms.Build.0 = Debug|x86
		{47BDBFF9-02D8-47B0-929E-41C32378CA19}.Debug|x86.ActiveCfg = Debug|x86
		{47BDBFF9-02D8-47B0-929E-41C32378CA19}.Debug|x86.Build.0 = Debug|x86
		{47BDBFF9-02D8-47B0-929E-41C32378CA19}.DVD-5|Any CPU.ActiveCfg = Debug|x86
		{47BDBFF9-02D8-47B0-929E-41C32378CA19}.DVD-5|Mixed Platforms.ActiveCfg = Debug|x86
		{47BDBFF9-02D8-47B0-929E-41C32378CA19}.DVD-5|Mixed Platforms.Build.0 = Debug|x86
		{47BDBFF9-02D8-47B0-929E-41C32378CA19}.DVD-5|x86.ActiveCfg = Debug|x86
		{47BDBFF9-02D8-47B0-929E-41C32378CA19}.DVD-5|x86.Build.0 = Debug|x86
		{47BDBFF9-02D8-47B0-929E-41C32378CA19}.Release|Any CPU.ActiveCfg = Release|x86
		{47BDBFF9-02D8-47B0-929E-41C32378CA19}.Release|Mixed Platforms.ActiveCfg = Release|x86
		{47BDBFF9-02D8-47B0-929E-41C32378CA19}.Release|Mixed Platforms.Build.0 = Release|x86
		{47BDBFF9-02D8-47B0-929E-41C32378CA19}.Release|x86.ActiveCfg = Release|x86
		{47BDBFF9-02D8-47B0-929E-41C32378CA19}.Release|x86.Build.0 = Release|x86
		{47BDBFF9-02D8-47B0-929E-41C32378CA19}.SingleImage|Any CPU.ActiveCfg = Release|x86
		{47BDBFF9-02D8-47B0-929E-41C32378CA19}.SingleImage|Mixed Platforms.ActiveCfg = Release|x86
		{47BDBFF9-02D8-47B0-929E-41C32378CA19}.SingleImage|Mixed Platforms.Build.0 = Release|x86
		{47BDBFF9-02D8-47B0-929E-41C32378CA19}.SingleImage|x86.ActiveCfg = Release|x86
		{47BDBFF9-02D8-47B0-929E-41C32378CA19}.SingleImage|x86.Build.0 = Release|x86
		{C932E789-48AE-4949-8358-B9C5C69CCD26}.CD_ROM|Any CPU.ActiveCfg = Release|x86
		{C932E789-48AE-4949-8358-B9C5C69CCD26}.CD_ROM|Mixed Platforms.ActiveCfg = Release|x86
		{C932E789-48AE-4949-8358-B9C5C69CCD26}.CD_ROM|Mixed Platforms.Build.0 = Release|x86
		{C932E789-48AE-4949-8358-B9C5C69CCD26}.CD_ROM|x86.ActiveCfg = Release|x86
		{C932E789-48AE-4949-8358-B9C5C69CCD26}.CD_ROM|x86.Build.0 = Release|x86
		{C932E789-48AE-4949-8358-B9C5C69CCD26}.Debug|Any CPU.ActiveCfg = Debug|x86
		{C932E789-48AE-4949-8358-B9C5C69CCD26}.Debug|Mixed Platforms.ActiveCfg = Debug|x86
		{C932E789-48AE-4949-8358-B9C5C69CCD26}.Debug|Mixed Platforms.Build.0 = Debug|x86
		{C932E789-48AE-4949-8358-B9C5C69CCD26}.Debug|x86.ActiveCfg = Debug|x86
		{C932E789-48AE-4949-8358-B9C5C69CCD26}.Debug|x86.Build.0 = Debug|x86
		{C932E789-48AE-4949-8358-B9C5C69CCD26}.DVD-5|Any CPU.ActiveCfg = Debug|x86
		{C932E789-48AE-4949-8358-B9C5C69CCD26}.DVD-5|Mixed Platforms.ActiveCfg = Debug|x86
		{C932E789-48AE-4949-8358-B9C5C69CCD26}.DVD-5|Mixed Platforms.Build.0 = Debug|x86
		{C932E789-48AE-4949-8358-B9C5C69CCD26}.DVD-5|x86.ActiveCfg = Debug|x86
		{C932E789-48AE-4949-8358-B9C5C69CCD26}.DVD-5|x86.Build.0 = Debug|x86
		{C932E789-48AE-4949-8358-B9C5C69CCD26}.Release|Any CPU.ActiveCfg = Release|x86
		{C932E789-48AE-4949-8358-B9C5C69CCD26}.Release|Mixed Platforms.ActiveCfg = Release|x86
		{C932E789-48AE-4949-8358-B9C5C69CCD26}.Release|Mixed Platforms.Build.0 = Release|x86
		{C932E789-48AE-4949-8358-B9C5C69CCD26}.Release|x86.ActiveCfg = Release|x86
		{C932E789-48AE-4949-8358-B9C5C69CCD26}.Release|x86.Build.0 = Release|x86
		{C932E789-48AE-4949-8358-B9C5C69CCD26}.SingleImage|Any CPU.ActiveCfg = Release|x86
		{C932E789-48AE-4949-8358-B9C5C69CCD26}.SingleImage|Mixed Platforms.ActiveCfg = Release|x86
		{C932E789-48AE-4949-8358-B9C5C69CCD26}.SingleImage|Mixed Platforms.Build.0 = Release|x86
		{C932E789-48AE-4949-8358-B9C5C69CCD26}.SingleImage|x86.ActiveCfg = Release|x86
		{C932E789-48AE-4949-8358-B9C5C69CCD26}.SingleImage|x86.Build.0 = Release|x86
		{1A28F06B-458F-407E-85D7-659B9E2BB872}.CD_ROM|Any CPU.ActiveCfg = CD_ROM
		{1A28F06B-458F-407E-85D7-659B9E2BB872}.CD_ROM|Any CPU.Build.0 = CD_ROM
		{1A28F06B-458F-407E-85D7-659B9E2BB872}.CD_ROM|Mixed Platforms.ActiveCfg = CD_ROM
		{1A28F06B-458F-407E-85D7-659B9E2BB872}.CD_ROM|Mixed Platforms.Build.0 = CD_ROM
		{1A28F06B-458F-407E-85D7-659B9E2BB872}.CD_ROM|x86.ActiveCfg = CD_ROM
		{1A28F06B-458F-407E-85D7-659B9E2BB872}.CD_ROM|x86.Build.0 = CD_ROM
		{1A28F06B-458F-407E-85D7-659B9E2BB872}.Debug|Any CPU.ActiveCfg = DVD-5
		{1A28F06B-458F-407E-85D7-659B9E2BB872}.Debug|Any CPU.Build.0 = DVD-5
		{1A28F06B-458F-407E-85D7-659B9E2BB872}.Debug|Mixed Platforms.ActiveCfg = DVD-5
		{1A28F06B-458F-407E-85D7-659B9E2BB872}.Debug|Mixed Platforms.Build.0 = DVD-5
		{1A28F06B-458F-407E-85D7-659B9E2BB872}.Debug|x86.ActiveCfg = DVD-5
		{1A28F06B-458F-407E-85D7-659B9E2BB872}.Debug|x86.Build.0 = DVD-5
		{1A28F06B-458F-407E-85D7-659B9E2BB872}.DVD-5|Any CPU.ActiveCfg = DVD-5
		{1A28F06B-458F-407E-85D7-659B9E2BB872}.DVD-5|Any CPU.Build.0 = DVD-5
		{1A28F06B-458F-407E-85D7-659B9E2BB872}.DVD-5|Mixed Platforms.ActiveCfg = DVD-5
		{1A28F06B-458F-407E-85D7-659B9E2BB872}.DVD-5|Mixed Platforms.Build.0 = DVD-5
		{1A28F06B-458F-407E-85D7-659B9E2BB872}.DVD-5|x86.ActiveCfg = DVD-5
		{1A28F06B-458F-407E-85D7-659B9E2BB872}.DVD-5|x86.Build.0 = DVD-5
		{1A28F06B-458F-407E-85D7-659B9E2BB872}.Release|Any CPU.ActiveCfg = SingleImage
		{1A28F06B-458F-407E-85D7-659B9E2BB872}.Release|Any CPU.Build.0 = SingleImage
		{1A28F06B-458F-407E-85D7-659B9E2BB872}.Release|Mixed Platforms.ActiveCfg = SingleImage
		{1A28F06B-458F-407E-85D7-659B9E2BB872}.Release|Mixed Platforms.Build.0 = SingleImage
		{1A28F06B-458F-407E-85D7-659B9E2BB872}.Release|Mixed Platforms.Deploy.0 = SingleImage
		{1A28F06B-458F-407E-85D7-659B9E2BB872}.Release|x86.ActiveCfg = SingleImage
		{1A28F06B-458F-407E-85D7-659B9E2BB872}.Release|x86.Build.0 = SingleImage
		{1A28F06B-458F-407E-85D7-659B9E2BB872}.SingleImage|Any CPU.ActiveCfg = SingleImage
		{1A28F06B-458F-407E-85D7-659B9E2BB872}.SingleImage|Any CPU.Build.0 = SingleImage
		{1A28F06B-458F-407E-85D7-659B9E2BB872}.SingleImage|Mixed Platforms.ActiveCfg = SingleImage
		{1A28F06B-458F-407E-85D7-659B9E2BB872}.SingleImage|Mixed Platforms.Build.0 = SingleImage
		{1A28F06B-458F-407E-85D7-659B9E2BB872}.SingleImage|x86.ActiveCfg = SingleImage
		{1A28F06B-458F-407E-85D7-659B9E2BB872}.SingleImage|x86.Build.0 = SingleImage
		{CFD95000-3479-41FE-B0BB-FBBA1B75ECF3}.CD_ROM|Any CPU.ActiveCfg = Release|Any CPU
		{CFD95000-3479-41FE-B0BB-FBBA1B75ECF3}.CD_ROM|Any CPU.Build.0 = Release|Any CPU
		{CFD95000-3479-41FE-B0BB-FBBA1B75ECF3}.CD_ROM|Mixed Platforms.ActiveCfg = Release|Any CPU
		{CFD95000-3479-41FE-B0BB-FBBA1B75ECF3}.CD_ROM|Mixed Platforms.Build.0 = Release|Any CPU
		{CFD95000-3479-41FE-B0BB-FBBA1B75ECF3}.CD_ROM|x86.ActiveCfg = Release|Any CPU
		{CFD95000-3479-41FE-B0BB-FBBA1B75ECF3}.Debug|Any CPU.ActiveCfg = Debug|Any CPU
		{CFD95000-3479-41FE-B0BB-FBBA1B75ECF3}.Debug|Any CPU.Build.0 = Debug|Any CPU
		{CFD95000-3479-41FE-B0BB-FBBA1B75ECF3}.Debug|Mixed Platforms.ActiveCfg = Debug|Any CPU
		{CFD95000-3479-41FE-B0BB-FBBA1B75ECF3}.Debug|Mixed Platforms.Build.0 = Debug|Any CPU
		{CFD95000-3479-41FE-B0BB-FBBA1B75ECF3}.Debug|x86.ActiveCfg = Debug|Any CPU
		{CFD95000-3479-41FE-B0BB-FBBA1B75ECF3}.DVD-5|Any CPU.ActiveCfg = Debug|Any CPU
		{CFD95000-3479-41FE-B0BB-FBBA1B75ECF3}.DVD-5|Any CPU.Build.0 = Debug|Any CPU
		{CFD95000-3479-41FE-B0BB-FBBA1B75ECF3}.DVD-5|Mixed Platforms.ActiveCfg = Debug|Any CPU
		{CFD95000-3479-41FE-B0BB-FBBA1B75ECF3}.DVD-5|Mixed Platforms.Build.0 = Debug|Any CPU
		{CFD95000-3479-41FE-B0BB-FBBA1B75ECF3}.DVD-5|x86.ActiveCfg = Debug|Any CPU
		{CFD95000-3479-41FE-B0BB-FBBA1B75ECF3}.Release|Any CPU.ActiveCfg = Release|Any CPU
		{CFD95000-3479-41FE-B0BB-FBBA1B75ECF3}.Release|Any CPU.Build.0 = Release|Any CPU
		{CFD95000-3479-41FE-B0BB-FBBA1B75ECF3}.Release|Mixed Platforms.ActiveCfg = Release|Any CPU
		{CFD95000-3479-41FE-B0BB-FBBA1B75ECF3}.Release|Mixed Platforms.Build.0 = Release|Any CPU
		{CFD95000-3479-41FE-B0BB-FBBA1B75ECF3}.Release|x86.ActiveCfg = Release|Any CPU
		{CFD95000-3479-41FE-B0BB-FBBA1B75ECF3}.SingleImage|Any CPU.ActiveCfg = Release|Any CPU
		{CFD95000-3479-41FE-B0BB-FBBA1B75ECF3}.SingleImage|Any CPU.Build.0 = Release|Any CPU
		{CFD95000-3479-41FE-B0BB-FBBA1B75ECF3}.SingleImage|Mixed Platforms.ActiveCfg = Release|Any CPU
		{CFD95000-3479-41FE-B0BB-FBBA1B75ECF3}.SingleImage|Mixed Platforms.Build.0 = Release|Any CPU
		{CFD95000-3479-41FE-B0BB-FBBA1B75ECF3}.SingleImage|x86.ActiveCfg = Release|Any CPU
	EndGlobalSection
	GlobalSection(SolutionProperties) = preSolution
		HideSolutionNode = FALSE
	EndGlobalSection
EndGlobal
